// !$*UTF8*$!
{
	archiveVersion = 1;
	classes = {
	};
	objectVersion = 50;
	objects = {

/* Begin PBXBuildFile section */
		D11FBE1F26A665CE00B3480B /* AppDelegate.swift in Sources */ = {isa = PBXBuildFile; fileRef = D11FBE1E26A665CE00B3480B /* AppDelegate.swift */; };
		D11FBE2126A665CE00B3480B /* SceneDelegate.swift in Sources */ = {isa = PBXBuildFile; fileRef = D11FBE2026A665CE00B3480B /* SceneDelegate.swift */; };
		D11FBE2326A665CE00B3480B /* ViewController.swift in Sources */ = {isa = PBXBuildFile; fileRef = D11FBE2226A665CE00B3480B /* ViewController.swift */; };
		D11FBE2626A665CE00B3480B /* Main.storyboard in Resources */ = {isa = PBXBuildFile; fileRef = D11FBE2426A665CE00B3480B /* Main.storyboard */; };
		D11FBE2826A665D000B3480B /* Assets.xcassets in Resources */ = {isa = PBXBuildFile; fileRef = D11FBE2726A665D000B3480B /* Assets.xcassets */; };
		D11FBE2B26A665D000B3480B /* LaunchScreen.storyboard in Resources */ = {isa = PBXBuildFile; fileRef = D11FBE2926A665D000B3480B /* LaunchScreen.storyboard */; };
/* End PBXBuildFile section */

/* Begin PBXFileReference section */
		D11FBE1B26A665CE00B3480B /* 8ball1yep.app */ = {isa = PBXFileReference; explicitFileType = wrapper.application; includeInIndex = 0; path = 8ball1yep.app; sourceTree = BUILT_PRODUCTS_DIR; };
		D11FBE1E26A665CE00B3480B /* AppDelegate.swift */ = {isa = PBXFileReference; lastKnownFileType = sourcecode.swift; path = AppDelegate.swift; sourceTree = "<group>"; };
		D11FBE2026A665CE00B3480B /* SceneDelegate.swift */ = {isa = PBXFileReference; lastKnownFileType = sourcecode.swift; path = SceneDelegate.swift; sourceTree = "<group>"; };
		D11FBE2226A665CE00B3480B /* ViewController.swift */ = {isa = PBXFileReference; lastKnownFileType = sourcecode.swift; path = ViewController.swift; sourceTree = "<group>"; };
		D11FBE2526A665CE00B3480B /* Base */ = {isa = PBXFileReference; lastKnownFileType = file.storyboard; name = Base; path = Base.lproj/Main.storyboard; sourceTree = "<group>"; };
		D11FBE2726A665D000B3480B /* Assets.xcassets */ = {isa = PBXFileReference; lastKnownFileType = folder.assetcatalog; path = Assets.xcassets; sourceTree = "<group>"; };
		D11FBE2A26A665D000B3480B /* Base */ = {isa = PBXFileReference; lastKnownFileType = file.storyboard; name = Base; path = Base.lproj/LaunchScreen.storyboard; sourceTree = "<group>"; };
		D11FBE2C26A665D000B3480B /* Info.plist */ = {isa = PBXFileReference; lastKnownFileType = text.plist.xml; path = Info.plist; sourceTree = "<group>"; };
/* End PBXFileReference section */

/* Begin PBXFrameworksBuildPhase section */
		D11FBE1826A665CE00B3480B /* Frameworks */ = {
			isa = PBXFrameworksBuildPhase;
			buildActionMask = 2147483647;
			files = (
			);
			runOnlyForDeploymentPostprocessing = 0;
		};
/* End PBXFrameworksBuildPhase section */

/* Begin PBXGroup section */
		D11FBE1226A665CE00B3480B = {
			isa = PBXGroup;
			children = (
				D11FBE1D26A665CE00B3480B /* 8ball1yep */,
				D11FBE1C26A665CE00B3480B /* Products */,
			);
			sourceTree = "<group>";
		};
		D11FBE1C26A665CE00B3480B /* Products */ = {
			isa = PBXGroup;
			children = (
				D11FBE1B26A665CE00B3480B /* 8ball1yep.app */,
			);
			name = Products;
			sourceTree = "<group>";
		};
		D11FBE1D26A665CE00B3480B /* 8ball1yep */ = {
			isa = PBXGroup;
			children = (
				D11FBE1E26A665CE00B3480B /* AppDelegate.swift */,
				D11FBE2026A665CE00B3480B /* SceneDelegate.swift */,
				D11FBE2226A665CE00B3480B /* ViewController.swift */,
				D11FBE2426A665CE00B3480B /* Main.storyboard */,
				D11FBE2726A665D000B3480B /* Assets.xcassets */,
				D11FBE2926A665D000B3480B /* LaunchScreen.storyboard */,
				D11FBE2C26A665D000B3480B /* Info.plist */,
			);
			path = 8ball1yep;
			sourceTree = "<group>";
		};
/* End PBXGroup section */

/* Begin PBXNativeTarget section */
		D11FBE1A26A665CE00B3480B /* 8ball1yep */ = {
			isa = PBXNativeTarget;
			buildConfigurationList = D11FBE2F26A665D000B3480B /* Build configuration list for PBXNativeTarget "8ball1yep" */;
			buildPhases = (
				D11FBE1726A665CE00B3480B /* Sources */,
				D11FBE1826A665CE00B3480B /* Frameworks */,
				D11FBE1926A665CE00B3480B /* Resources */,
			);
			buildRules = (
			);
			dependencies = (
			);
			name = 8ball1yep;
			productName = 8ball1yep;
			productReference = D11FBE1B26A665CE00B3480B /* 8ball1yep.app */;
			productType = "com.apple.product-type.application";
		};
/* End PBXNativeTarget section */

/* Begin PBXProject section */
		D11FBE1326A665CE00B3480B /* Project object */ = {
			isa = PBXProject;
			attributes = {
				LastSwiftUpdateCheck = 1250;
				LastUpgradeCheck = 1250;
				TargetAttributes = {
					D11FBE1A26A665CE00B3480B = {
						CreatedOnToolsVersion = 12.5.1;
					};
				};
			};
			buildConfigurationList = D11FBE1626A665CE00B3480B /* Build configuration list for PBXProject "8ball1yep" */;
			compatibilityVersion = "Xcode 9.3";
			developmentRegion = en;
			hasScannedForEncodings = 0;
			knownRegions = (
				en,
				Base,
			);
			mainGroup = D11FBE1226A665CE00B3480B;
			productRefGroup = D11FBE1C26A665CE00B3480B /* Products */;
			projectDirPath = "";
			projectRoot = "";
			targets = (
				D11FBE1A26A665CE00B3480B /* 8ball1yep */,
			);
		};
/* End PBXProject section */

/* Begin PBXResourcesBuildPhase section */
		D11FBE1926A665CE00B3480B /* Resources */ = {
			isa = PBXResourcesBuildPhase;
			buildActionMask = 2147483647;
			files = (
				D11FBE2B26A665D000B3480B /* LaunchScreen.storyboard in Resources */,
				D11FBE2826A665D000B3480B /* Assets.xcassets in Resources */,
				D11FBE2626A665CE00B3480B /* Main.storyboard in Resources */,
			);
			runOnlyForDeploymentPostprocessing = 0;
		};
/* End PBXResourcesBuildPhase section */

/* Begin PBXSourcesBuildPhase section */
		D11FBE1726A665CE00B3480B /* Sources */ = {
			isa = PBXSourcesBuildPhase;
			buildActionMask = 2147483647;
			files = (
				D11FBE2326A665CE00B3480B /* ViewController.swift in Sources */,
				D11FBE1F26A665CE00B3480B /* AppDelegate.swift in Sources */,
				D11FBE2126A665CE00B3480B /* SceneDelegate.swift in Sources */,
			);
			runOnlyForDeploymentPostprocessing = 0;
		};
/* End PBXSourcesBuildPhase section */

/* Begin PBXVariantGroup section */
		D11FBE2426A665CE00B3480B /* Main.storyboard */ = {
			isa = PBXVariantGroup;
			children = (
				D11FBE2526A665CE00B3480B /* Base */,
			);
			name = Main.storyboard;
			sourceTree = "<group>";
		};
		D11FBE2926A665D000B3480B /* LaunchScreen.storyboard */ = {
			isa = PBXVariantGroup;
			children = (
				D11FBE2A26A665D000B3480B /* Base */,
			);
			name = LaunchScreen.storyboard;
			sourceTree = "<group>";
		};
/* End PBXVariantGroup section */

/* Begin XCBuildConfiguration section */
		D11FBE2D26A665D000B3480B /* Debug */ = {
			isa = XCBuildConfiguration;
			buildSettings = {
				ALWAYS_SEARCH_USER_PATHS = NO;
				CLANG_ANALYZER_NONNULL = YES;
				CLANG_ANALYZER_NUMBER_OBJECT_CONVERSION = YES_AGGRESSIVE;
				CLANG_CXX_LANGUAGE_STANDARD = "gnu++14";
				CLANG_CXX_LIBRARY = "libc++";
				CLANG_ENABLE_MODULES = YES;
				CLANG_ENABLE_OBJC_ARC = YES;
				CLANG_ENABLE_OBJC_WEAK = YES;
				CLANG_WARN_BLOCK_CAPTURE_AUTORELEASING = YES;
				CLANG_WARN_BOOL_CONVERSION = YES;
				CLANG_WARN_COMMA = YES;
				CLANG_WARN_CONSTANT_CONVERSION = YES;
				CLANG_WARN_DEPRECATED_OBJC_IMPLEMENTATIONS = YES;
				CLANG_WARN_DIRECT_OBJC_ISA_USAGE = YES_ERROR;
				CLANG_WARN_DOCUMENTATION_COMMENTS = YES;
				CLANG_WARN_EMPTY_BODY = YES;
				CLANG_WARN_ENUM_CONVERSION = YES;
				CLANG_WARN_INFINITE_RECURSION = YES;
				CLANG_WARN_INT_CONVERSION = YES;
				CLANG_WARN_NON_LITERAL_NULL_CONVERSION = YES;
				CLANG_WARN_OBJC_IMPLICIT_RETAIN_SELF = YES;
				CLANG_WARN_OBJC_LITERAL_CONVERSION = YES;
				CLANG_WARN_OBJC_ROOT_CLASS = YES_ERROR;
				CLANG_WARN_QUOTED_INCLUDE_IN_FRAMEWORK_HEADER = YES;
				CLANG_WARN_RANGE_LOOP_ANALYSIS = YES;
				CLANG_WARN_STRICT_PROTOTYPES = YES;
				CLANG_WARN_SUSPICIOUS_MOVE = YES;
				CLANG_WARN_UNGUARDED_AVAILABILITY = YES_AGGRESSIVE;
				CLANG_WARN_UNREACHABLE_CODE = YES;
				CLANG_WARN__DUPLICATE_METHOD_MATCH = YES;
				COPY_PHASE_STRIP = NO;
				DEBUG_INFORMATION_FORMAT = dwarf;
				ENABLE_STRICT_OBJC_MSGSEND = YES;
				ENABLE_TESTABILITY = YES;
				GCC_C_LANGUAGE_STANDARD = gnu11;
				GCC_DYNAMIC_NO_PIC = NO;
				GCC_NO_COMMON_BLOCKS = YES;
				GCC_OPTIMIZATION_LEVEL = 0;
				GCC_PREPROCESSOR_DEFINITIONS = (
					"DEBUG=1",
					"$(inherited)",
				);
				GCC_WARN_64_TO_32_BIT_CONVERSION = YES;
				GCC_WARN_ABOUT_RETURN_TYPE = YES_ERROR;
				GCC_WARN_UNDECLARED_SELECTOR = YES;
				GCC_WARN_UNINITIALIZED_AUTOS = YES_AGGRESSIVE;
				GCC_WARN_UNUSED_FUNCTION = YES;
				GCC_WARN_UNUSED_VARIABLE = YES;
				IPHONEOS_DEPLOYMENT_TARGET = 14.5;
				MTL_ENABLE_DEBUG_INFO = INCLUDE_SOURCE;
				MTL_FAST_MATH = YES;
				ONLY_ACTIVE_ARCH = YES;
				SDKROOT = iphoneos;
				SWIFT_ACTIVE_COMPILATION_CONDITIONS = DEBUG;
				SWIFT_OPTIMIZATION_LEVEL = "-Onone";
			};
			name = Debug;
		};
		D11FBE2E26A665D000B3480B /* Release */ = {
			isa = XCBuildConfiguration;
			buildSettings = {
				ALWAYS_SEARCH_USER_PATHS = NO;
				CLANG_ANALYZER_NONNULL = YES;
				CLANG_ANALYZER_NUMBER_OBJECT_CONVERSION = YES_AGGRESSIVE;
				CLANG_CXX_LANGUAGE_STANDARD = "gnu++14";
				CLANG_CXX_LIBRARY = "libc++";
				CLANG_ENABLE_MODULES = YES;
				CLANG_ENABLE_OBJC_ARC = YES;
				CLANG_ENABLE_OBJC_WEAK = YES;
				CLANG_WARN_BLOCK_CAPTURE_AUTORELEASING = YES;
				CLANG_WARN_BOOL_CONVERSION = YES;
				CLANG_WARN_COMMA = YES;
				CLANG_WARN_CONSTANT_CONVERSION = YES;
				CLANG_WARN_DEPRECATED_OBJC_IMPLEMENTATIONS = YES;
				CLANG_WARN_DIRECT_OBJC_ISA_USAGE = YES_ERROR;
				CLANG_WARN_DOCUMENTATION_COMMENTS = YES;
				CLANG_WARN_EMPTY_BODY = YES;
				CLANG_WARN_ENUM_CONVERSION = YES;
				CLANG_WARN_INFINITE_RECURSION = YES;
				CLANG_WARN_INT_CONVERSION = YES;
				CLANG_WARN_NON_LITERAL_NULL_CONVERSION = YES;
				CLANG_WARN_OBJC_IMPLICIT_RETAIN_SELF = YES;
				CLANG_WARN_OBJC_LITERAL_CONVERSION = YES;
				CLANG_WARN_OBJC_ROOT_CLASS = YES_ERROR;
				CLANG_WARN_QUOTED_INCLUDE_IN_FRAMEWORK_HEADER = YES;
				CLANG_WARN_RANGE_LOOP_ANALYSIS = YES;
				CLANG_WARN_STRICT_PROTOTYPES = YES;
				CLANG_WARN_SUSPICIOUS_MOVE = YES;
				CLANG_WARN_UNGUARDED_AVAILABILITY = YES_AGGRESSIVE;
				CLANG_WARN_UNREACHABLE_CODE = YES;
				CLANG_WARN__DUPLICATE_METHOD_MATCH = YES;
				COPY_PHASE_STRIP = NO;
				DEBUG_INFORMATION_FORMAT = "dwarf-with-dsym";
				ENABLE_NS_ASSERTIONS = NO;
				ENABLE_STRICT_OBJC_MSGSEND = YES;
				GCC_C_LANGUAGE_STANDARD = gnu11;
				GCC_NO_COMMON_BLOCKS = YES;
				GCC_WARN_64_TO_32_BIT_CONVERSION = YES;
				GCC_WARN_ABOUT_RETURN_TYPE = YES_ERROR;
				GCC_WARN_UNDECLARED_SELECTOR = YES;
				GCC_WARN_UNINITIALIZED_AUTOS = YES_AGGRESSIVE;
				GCC_WARN_UNUSED_FUNCTION = YES;
				GCC_WARN_UNUSED_VARIABLE = YES;
				IPHONEOS_DEPLOYMENT_TARGET = 14.5;
				MTL_ENABLE_DEBUG_INFO = NO;
				MTL_FAST_MATH = YES;
				SDKROOT = iphoneos;
				SWIFT_COMPILATION_MODE = wholemodule;
				SWIFT_OPTIMIZATION_LEVEL = "-O";
				VALIDATE_PRODUCT = YES;
			};
			name = Release;
		};
		D11FBE3026A665D000B3480B /* Debug */ = {
			isa = XCBuildConfiguration;
			buildSettings = {
				ASSETCATALOG_COMPILER_APPICON_NAME = AppIcon;
				ASSETCATALOG_COMPILER_GLOBAL_ACCENT_COLOR_NAME = AccentColor;
				CODE_SIGN_STYLE = Automatic;
				DEVELOPMENT_TEAM = S7CQC9K6LU;
				INFOPLIST_FILE = 8ball1yep/Info.plist;
				LD_RUNPATH_SEARCH_PATHS = (
					"$(inherited)",
					"@executable_path/Frameworks",
				);
				PRODUCT_BUNDLE_IDENTIFIER = "ejpl1.-ball1yep";
				PRODUCT_NAME = "$(TARGET_NAME)";
				SWIFT_VERSION = 5.0;
				TARGETED_DEVICE_FAMILY = "1,2";
			};
			name = Debug;
		};
		D11FBE3126A665D000B3480B /* Release */ = {
			isa = XCBuildConfiguration;
			buildSettings = {
				ASSETCATALOG_COMPILER_APPICON_NAME = AppIcon;
				ASSETCATALOG_COMPILER_GLOBAL_ACCENT_COLOR_NAME = AccentColor;
				CODE_SIGN_STYLE = Automatic;
				DEVELOPMENT_TEAM = S7CQC9K6LU;
				INFOPLIST_FILE = 8ball1yep/Info.plist;
				LD_RUNPATH_SEARCH_PATHS = (
					"$(inherited)",
					"@executable_path/Frameworks",
				);
				PRODUCT_BUNDLE_IDENTIFIER = "ejpl1.-ball1yep";
				PRODUCT_NAME = "$(TARGET_NAME)";
				SWIFT_VERSION = 5.0;
				TARGETED_DEVICE_FAMILY = "1,2";
			};
			name = Release;
		};
/* End XCBuildConfiguration section */

/* Begin XCConfigurationList section */
		D11FBE1626A665CE00B3480B /* Build configuration list for PBXProject "8ball1yep" */ = {
			isa = XCConfigurationList;
			buildConfigurations = (
				D11FBE2D26A665D000B3480B /* Debug */,
				D11FBE2E26A665D000B3480B /* Release */,
			);
			defaultConfigurationIsVisible = 0;
			defaultConfigurationName = Release;
		};
		D11FBE2F26A665D000B3480B /* Build configuration list for PBXNativeTarget "8ball1yep" */ = {
			isa = XCConfigurationList;
			buildConfigurations = (
				D11FBE3026A665D000B3480B /* Debug */,
				D11FBE3126A665D000B3480B /* Release */,
			);
			defaultConfigurationIsVisible = 0;
			defaultConfigurationName = Release;
		};
/* End XCConfigurationList section */
	};
	rootObject = D11FBE1326A665CE00B3480B /* Project object */;
}
